github.com/golang/glog v1.0.0 h1:nfP3RFugxnNRyKgeWd4oI1nYvXpxrx8ck8ZrcizshdQ=
github.com/golang/glog v1.0.0/go.mod h1:EWib/APOK0SL3dFbYqvxE3UYd8E6s1ouQ7iEp/0LWV4=
github.com/selvakn/libzt v0.0.0-20170821120515-099ee06c8347 h1:QSQO715gBj/CfXZoAa3h/uCKIgO+1rAo4xMiaGNQtnQ=
github.com/selvakn/libzt v0.0.0-20170821120515-099ee06c8347/go.mod h1:dxwNHbvW64HGvNMxuFbwRV2T1DQuHMAOdsZwja3FlAk=
